
Microsoft Visual Studio Solution File, Format Version 12.00
# Visual Studio Version 16
VisualStudioVersion = 16.0.29230.47
MinimumVisualStudioVersion = 10.0.40219.1
Project("{FAE04EC0-301F-11D3-BF4B-00C04F79EFBC}") = "OOP_Project", "OOP_Project\OOP_Project.csproj", "{9F34950F-40F3-4549-9416-F28F3F4FC917}"
EndProject
Global
	GlobalSection(SolutionConfigurationPlatforms) = preSolution
		Debug|Any CPU = Debug|Any CPU
		Release|Any CPU = Release|Any CPU
	EndGlobalSection
	GlobalSection(ProjectConfigurationPlatforms) = postSolution
		{9F34950F-40F3-4549-9416-F28F3F4FC917}.Debug|Any CPU.ActiveCfg = Debug|Any CPU
		{9F34950F-40F3-4549-9416-F28F3F4FC917}.Debug|Any CPU.Build.0 = Debug|Any CPU
		{9F34950F-40F3-4549-9416-F28F3F4FC917}.Release|Any CPU.ActiveCfg = Release|Any CPU
		{9F34950F-40F3-4549-9416-F28F3F4FC917}.Release|Any CPU.Build.0 = Release|Any CPU
	EndGlobalSection
	GlobalSection(SolutionProperties) = preSolution
		HideSolutionNode = FALSE
	EndGlobalSection
	GlobalSection(ExtensibilityGlobals) = postSolution
		SolutionGuid = {EEEF14BC-2221-4B19-AB92-A7ACDCC05FFC}
	EndGlobalSection
EndGlobal
